
Microsoft Visual Studio Solution File, Format Version 12.00
# Visual Studio Version 17
VisualStudioVersion = 17.2.32602.215
MinimumVisualStudioVersion = 10.0.40219.1
Project("{9A19103F-16F7-4668-BE54-9A1E7A4F7556}") = "Exercice 1", "Exercice 1\Exercice 1.csproj", "{CF4067F2-3B8C-4ADD-8488-DFDF3B08DDB5}"
EndProject
Project("{9A19103F-16F7-4668-BE54-9A1E7A4F7556}") = "Exercice 1bis", "Exercice 1 bis\Exercice 1bis.csproj", "{101FA559-07B2-48A4-96D8-63FF5B121101}"
EndProject
Project("{9A19103F-16F7-4668-BE54-9A1E7A4F7556}") = "Prélude", "Prélude\Prélude.csproj", "{E4377AA0-E459-47CA-A01B-F509CDCE896B}"
EndProject
Project("{9A19103F-16F7-4668-BE54-9A1E7A4F7556}") = "Exercice 1 WinForm", "Exercice 1 WinForm\Exercice 1 WinForm.csproj", "{3984A0CD-ED30-41F7-A39A-A2230484E650}"
EndProject
Project("{9A19103F-16F7-4668-BE54-9A1E7A4F7556}") = "Exercice 1ter", "Exercice 1 ter\Exercice 1ter.csproj", "{F12A2208-AC88-47F0-B3CC-F6EED993B201}"
EndProject
Project("{9A19103F-16F7-4668-BE54-9A1E7A4F7556}") = "Exercice 2", "Exercice 2\Exercice 2.csproj", "{64BDA57B-5E53-48BE-A4A9-C103A0A8CCD9}"
EndProject
Project("{9A19103F-16F7-4668-BE54-9A1E7A4F7556}") = "Exercice 1ter correction", "Exercice 1ter correction\Exercice 1ter correction.csproj", "{D8592A27-9E92-4A7C-82BE-6F030E077B80}"
EndProject
Project("{9A19103F-16F7-4668-BE54-9A1E7A4F7556}") = "Exercice 2 - Voiture", "Exercice 2 - Voiture\Exercice 2 - Voiture.csproj", "{8B39847E-A437-4935-8DCD-5889C8B72824}"
EndProject
Project("{9A19103F-16F7-4668-BE54-9A1E7A4F7556}") = "Exercice 3", "Exercice 3\Exercice 3.csproj", "{47A69CD8-6E80-4810-8E71-E9130F38C377}"
EndProject
Project("{9A19103F-16F7-4668-BE54-9A1E7A4F7556}") = "Exercice 2 - Animaux", "Exercice 2 - Animaux\Exercice 2 - Animaux.csproj", "{03AE7C37-ECA6-4FB2-9677-9B12F8811EB5}"
EndProject
Project("{FAE04EC0-301F-11D3-BF4B-00C04F79EFBC}") = "Exercice 4", "Exercice 4\Exercice 4.csproj", "{7340C0C0-9454-4588-BED6-B80F8896C3C0}"
EndProject
Project("{FAE04EC0-301F-11D3-BF4B-00C04F79EFBC}") = "Exercice 5", "Exercice 5\Exercice 5.csproj", "{D7701C9A-A532-4E95-80D2-E0197F0F969D}"
EndProject
Global
	GlobalSection(SolutionConfigurationPlatforms) = preSolution
		Debug|Any CPU = Debug|Any CPU
		Debug|x64 = Debug|x64
		Debug|x86 = Debug|x86
		Release|Any CPU = Release|Any CPU
		Release|x64 = Release|x64
		Release|x86 = Release|x86
	EndGlobalSection
	GlobalSection(ProjectConfigurationPlatforms) = postSolution
		{CF4067F2-3B8C-4ADD-8488-DFDF3B08DDB5}.Debug|Any CPU.ActiveCfg = Debug|Any CPU
		{CF4067F2-3B8C-4ADD-8488-DFDF3B08DDB5}.Debug|Any CPU.Build.0 = Debug|Any CPU
		{CF4067F2-3B8C-4ADD-8488-DFDF3B08DDB5}.Debug|x64.ActiveCfg = Debug|Any CPU
		{CF4067F2-3B8C-4ADD-8488-DFDF3B08DDB5}.Debug|x64.Build.0 = Debug|Any CPU
		{CF4067F2-3B8C-4ADD-8488-DFDF3B08DDB5}.Debug|x86.ActiveCfg = Debug|Any CPU
		{CF4067F2-3B8C-4ADD-8488-DFDF3B08DDB5}.Debug|x86.Build.0 = Debug|Any CPU
		{CF4067F2-3B8C-4ADD-8488-DFDF3B08DDB5}.Release|Any CPU.ActiveCfg = Release|Any CPU
		{CF4067F2-3B8C-4ADD-8488-DFDF3B08DDB5}.Release|Any CPU.Build.0 = Release|Any CPU
		{CF4067F2-3B8C-4ADD-8488-DFDF3B08DDB5}.Release|x64.ActiveCfg = Release|Any CPU
		{CF4067F2-3B8C-4ADD-8488-DFDF3B08DDB5}.Release|x64.Build.0 = Release|Any CPU
		{CF4067F2-3B8C-4ADD-8488-DFDF3B08DDB5}.Release|x86.ActiveCfg = Release|Any CPU
		{CF4067F2-3B8C-4ADD-8488-DFDF3B08DDB5}.Release|x86.Build.0 = Release|Any CPU
		{101FA559-07B2-48A4-96D8-63FF5B121101}.Debug|Any CPU.ActiveCfg = Debug|Any CPU
		{101FA559-07B2-48A4-96D8-63FF5B121101}.Debug|Any CPU.Build.0 = Debug|Any CPU
		{101FA559-07B2-48A4-96D8-63FF5B121101}.Debug|x64.ActiveCfg = Debug|Any CPU
		{101FA559-07B2-48A4-96D8-63FF5B121101}.Debug|x64.Build.0 = Debug|Any CPU
		{101FA559-07B2-48A4-96D8-63FF5B121101}.Debug|x86.ActiveCfg = Debug|Any CPU
		{101FA559-07B2-48A4-96D8-63FF5B121101}.Debug|x86.Build.0 = Debug|Any CPU
		{101FA559-07B2-48A4-96D8-63FF5B121101}.Release|Any CPU.ActiveCfg = Release|Any CPU
		{101FA559-07B2-48A4-96D8-63FF5B121101}.Release|Any CPU.Build.0 = Release|Any CPU
		{101FA559-07B2-48A4-96D8-63FF5B121101}.Release|x64.ActiveCfg = Release|Any CPU
		{101FA559-07B2-48A4-96D8-63FF5B121101}.Release|x64.Build.0 = Release|Any CPU
		{101FA559-07B2-48A4-96D8-63FF5B121101}.Release|x86.ActiveCfg = Release|Any CPU
		{101FA559-07B2-48A4-96D8-63FF5B121101}.Release|x86.Build.0 = Release|Any CPU
		{E4377AA0-E459-47CA-A01B-F509CDCE896B}.Debug|Any CPU.ActiveCfg = Debug|Any CPU
		{E4377AA0-E459-47CA-A01B-F509CDCE896B}.Debug|Any CPU.Build.0 = Debug|Any CPU
		{E4377AA0-E459-47CA-A01B-F509CDCE896B}.Debug|x64.ActiveCfg = Debug|Any CPU
		{E4377AA0-E459-47CA-A01B-F509CDCE896B}.Debug|x64.Build.0 = Debug|Any CPU
		{E4377AA0-E459-47CA-A01B-F509CDCE896B}.Debug|x86.ActiveCfg = Debug|Any CPU
		{E4377AA0-E459-47CA-A01B-F509CDCE896B}.Debug|x86.Build.0 = Debug|Any CPU
		{E4377AA0-E459-47CA-A01B-F509CDCE896B}.Release|Any CPU.ActiveCfg = Release|Any CPU
		{E4377AA0-E459-47CA-A01B-F509CDCE896B}.Release|Any CPU.Build.0 = Release|Any CPU
		{E4377AA0-E459-47CA-A01B-F509CDCE896B}.Release|x64.ActiveCfg = Release|Any CPU
		{E4377AA0-E459-47CA-A01B-F509CDCE896B}.Release|x64.Build.0 = Release|Any CPU
		{E4377AA0-E459-47CA-A01B-F509CDCE896B}.Release|x86.ActiveCfg = Release|Any CPU
		{E4377AA0-E459-47CA-A01B-F509CDCE896B}.Release|x86.Build.0 = Release|Any CPU
		{3984A0CD-ED30-41F7-A39A-A2230484E650}.Debug|Any CPU.ActiveCfg = Debug|Any CPU
		{3984A0CD-ED30-41F7-A39A-A2230484E650}.Debug|Any CPU.Build.0 = Debug|Any CPU
		{3984A0CD-ED30-41F7-A39A-A2230484E650}.Debug|x64.ActiveCfg = Debug|Any CPU
		{3984A0CD-ED30-41F7-A39A-A2230484E650}.Debug|x64.Build.0 = Debug|Any CPU
		{3984A0CD-ED30-41F7-A39A-A2230484E650}.Debug|x86.ActiveCfg = Debug|Any CPU
		{3984A0CD-ED30-41F7-A39A-A2230484E650}.Debug|x86.Build.0 = Debug|Any CPU
		{3984A0CD-ED30-41F7-A39A-A2230484E650}.Release|Any CPU.ActiveCfg = Release|Any CPU
		{3984A0CD-ED30-41F7-A39A-A2230484E650}.Release|Any CPU.Build.0 = Release|Any CPU
		{3984A0CD-ED30-41F7-A39A-A2230484E650}.Release|x64.ActiveCfg = Release|Any CPU
		{3984A0CD-ED30-41F7-A39A-A2230484E650}.Release|x64.Build.0 = Release|Any CPU
		{3984A0CD-ED30-41F7-A39A-A2230484E650}.Release|x86.ActiveCfg = Release|Any CPU
		{3984A0CD-ED30-41F7-A39A-A2230484E650}.Release|x86.Build.0 = Release|Any CPU
		{F12A2208-AC88-47F0-B3CC-F6EED993B201}.Debug|Any CPU.ActiveCfg = Debug|Any CPU
		{F12A2208-AC88-47F0-B3CC-F6EED993B201}.Debug|Any CPU.Build.0 = Debug|Any CPU
		{F12A2208-AC88-47F0-B3CC-F6EED993B201}.Debug|x64.ActiveCfg = Debug|Any CPU
		{F12A2208-AC88-47F0-B3CC-F6EED993B201}.Debug|x64.Build.0 = Debug|Any CPU
		{F12A2208-AC88-47F0-B3CC-F6EED993B201}.Debug|x86.ActiveCfg = Debug|Any CPU
		{F12A2208-AC88-47F0-B3CC-F6EED993B201}.Debug|x86.Build.0 = Debug|Any CPU
		{F12A2208-AC88-47F0-B3CC-F6EED993B201}.Release|Any CPU.ActiveCfg = Release|Any CPU
		{F12A2208-AC88-47F0-B3CC-F6EED993B201}.Release|Any CPU.Build.0 = Release|Any CPU
		{F12A2208-AC88-47F0-B3CC-F6EED993B201}.Release|x64.ActiveCfg = Release|Any CPU
		{F12A2208-AC88-47F0-B3CC-F6EED993B201}.Release|x64.Build.0 = Release|Any CPU
		{F12A2208-AC88-47F0-B3CC-F6EED993B201}.Release|x86.ActiveCfg = Release|Any CPU
		{F12A2208-AC88-47F0-B3CC-F6EED993B201}.Release|x86.Build.0 = Release|Any CPU
		{64BDA57B-5E53-48BE-A4A9-C103A0A8CCD9}.Debug|Any CPU.ActiveCfg = Debug|Any CPU
		{64BDA57B-5E53-48BE-A4A9-C103A0A8CCD9}.Debug|Any CPU.Build.0 = Debug|Any CPU
		{64BDA57B-5E53-48BE-A4A9-C103A0A8CCD9}.Debug|x64.ActiveCfg = Debug|Any CPU
		{64BDA57B-5E53-48BE-A4A9-C103A0A8CCD9}.Debug|x64.Build.0 = Debug|Any CPU
		{64BDA57B-5E53-48BE-A4A9-C103A0A8CCD9}.Debug|x86.ActiveCfg = Debug|Any CPU
		{64BDA57B-5E53-48BE-A4A9-C103A0A8CCD9}.Debug|x86.Build.0 = Debug|Any CPU
		{64BDA57B-5E53-48BE-A4A9-C103A0A8CCD9}.Release|Any CPU.ActiveCfg = Release|Any CPU
		{64BDA57B-5E53-48BE-A4A9-C103A0A8CCD9}.Release|Any CPU.Build.0 = Release|Any CPU
		{64BDA57B-5E53-48BE-A4A9-C103A0A8CCD9}.Release|x64.ActiveCfg = Release|Any CPU
		{64BDA57B-5E53-48BE-A4A9-C103A0A8CCD9}.Release|x64.Build.0 = Release|Any CPU
		{64BDA57B-5E53-48BE-A4A9-C103A0A8CCD9}.Release|x86.ActiveCfg = Release|Any CPU
		{64BDA57B-5E53-48BE-A4A9-C103A0A8CCD9}.Release|x86.Build.0 = Release|Any CPU
		{D8592A27-9E92-4A7C-82BE-6F030E077B80}.Debug|Any CPU.ActiveCfg = Debug|Any CPU
		{D8592A27-9E92-4A7C-82BE-6F030E077B80}.Debug|Any CPU.Build.0 = Debug|Any CPU
		{D8592A27-9E92-4A7C-82BE-6F030E077B80}.Debug|x64.ActiveCfg = Debug|Any CPU
		{D8592A27-9E92-4A7C-82BE-6F030E077B80}.Debug|x64.Build.0 = Debug|Any CPU
		{D8592A27-9E92-4A7C-82BE-6F030E077B80}.Debug|x86.ActiveCfg = Debug|Any CPU
		{D8592A27-9E92-4A7C-82BE-6F030E077B80}.Debug|x86.Build.0 = Debug|Any CPU
		{D8592A27-9E92-4A7C-82BE-6F030E077B80}.Release|Any CPU.ActiveCfg = Release|Any CPU
		{D8592A27-9E92-4A7C-82BE-6F030E077B80}.Release|Any CPU.Build.0 = Release|Any CPU
		{D8592A27-9E92-4A7C-82BE-6F030E077B80}.Release|x64.ActiveCfg = Release|Any CPU
		{D8592A27-9E92-4A7C-82BE-6F030E077B80}.Release|x64.Build.0 = Release|Any CPU
		{D8592A27-9E92-4A7C-82BE-6F030E077B80}.Release|x86.ActiveCfg = Release|Any CPU
		{D8592A27-9E92-4A7C-82BE-6F030E077B80}.Release|x86.Build.0 = Release|Any CPU
		{8B39847E-A437-4935-8DCD-5889C8B72824}.Debug|Any CPU.ActiveCfg = Debug|Any CPU
		{8B39847E-A437-4935-8DCD-5889C8B72824}.Debug|Any CPU.Build.0 = Debug|Any CPU
		{8B39847E-A437-4935-8DCD-5889C8B72824}.Debug|x64.ActiveCfg = Debug|Any CPU
		{8B39847E-A437-4935-8DCD-5889C8B72824}.Debug|x64.Build.0 = Debug|Any CPU
		{8B39847E-A437-4935-8DCD-5889C8B72824}.Debug|x86.ActiveCfg = Debug|Any CPU
		{8B39847E-A437-4935-8DCD-5889C8B72824}.Debug|x86.Build.0 = Debug|Any CPU
		{8B39847E-A437-4935-8DCD-5889C8B72824}.Release|Any CPU.ActiveCfg = Release|Any CPU
		{8B39847E-A437-4935-8DCD-5889C8B72824}.Release|Any CPU.Build.0 = Release|Any CPU
		{8B39847E-A437-4935-8DCD-5889C8B72824}.Release|x64.ActiveCfg = Release|Any CPU
		{8B39847E-A437-4935-8DCD-5889C8B72824}.Release|x64.Build.0 = Release|Any CPU
		{8B39847E-A437-4935-8DCD-5889C8B72824}.Release|x86.ActiveCfg = Release|Any CPU
		{8B39847E-A437-4935-8DCD-5889C8B72824}.Release|x86.Build.0 = Release|Any CPU
		{47A69CD8-6E80-4810-8E71-E9130F38C377}.Debug|Any CPU.ActiveCfg = Debug|Any CPU
		{47A69CD8-6E80-4810-8E71-E9130F38C377}.Debug|Any CPU.Build.0 = Debug|Any CPU
		{47A69CD8-6E80-4810-8E71-E9130F38C377}.Debug|x64.ActiveCfg = Debug|Any CPU
		{47A69CD8-6E80-4810-8E71-E9130F38C377}.Debug|x64.Build.0 = Debug|Any CPU
		{47A69CD8-6E80-4810-8E71-E9130F38C377}.Debug|x86.ActiveCfg = Debug|Any CPU
		{47A69CD8-6E80-4810-8E71-E9130F38C377}.Debug|x86.Build.0 = Debug|Any CPU
		{47A69CD8-6E80-4810-8E71-E9130F38C377}.Release|Any CPU.ActiveCfg = Release|Any CPU
		{47A69CD8-6E80-4810-8E71-E9130F38C377}.Release|Any CPU.Build.0 = Release|Any CPU
		{47A69CD8-6E80-4810-8E71-E9130F38C377}.Release|x64.ActiveCfg = Release|Any CPU
		{47A69CD8-6E80-4810-8E71-E9130F38C377}.Release|x64.Build.0 = Release|Any CPU
		{47A69CD8-6E80-4810-8E71-E9130F38C377}.Release|x86.ActiveCfg = Release|Any CPU
		{47A69CD8-6E80-4810-8E71-E9130F38C377}.Release|x86.Build.0 = Release|Any CPU
		{03AE7C37-ECA6-4FB2-9677-9B12F8811EB5}.Debug|Any CPU.ActiveCfg = Debug|Any CPU
		{03AE7C37-ECA6-4FB2-9677-9B12F8811EB5}.Debug|Any CPU.Build.0 = Debug|Any CPU
		{03AE7C37-ECA6-4FB2-9677-9B12F8811EB5}.Debug|x64.ActiveCfg = Debug|Any CPU
		{03AE7C37-ECA6-4FB2-9677-9B12F8811EB5}.Debug|x64.Build.0 = Debug|Any CPU
		{03AE7C37-ECA6-4FB2-9677-9B12F8811EB5}.Debug|x86.ActiveCfg = Debug|Any CPU
		{03AE7C37-ECA6-4FB2-9677-9B12F8811EB5}.Debug|x86.Build.0 = Debug|Any CPU
		{03AE7C37-ECA6-4FB2-9677-9B12F8811EB5}.Release|Any CPU.ActiveCfg = Release|Any CPU
		{03AE7C37-ECA6-4FB2-9677-9B12F8811EB5}.Release|Any CPU.Build.0 = Release|Any CPU
		{03AE7C37-ECA6-4FB2-9677-9B12F8811EB5}.Release|x64.ActiveCfg = Release|Any CPU
		{03AE7C37-ECA6-4FB2-9677-9B12F8811EB5}.Release|x64.Build.0 = Release|Any CPU
		{03AE7C37-ECA6-4FB2-9677-9B12F8811EB5}.Release|x86.ActiveCfg = Release|Any CPU
		{03AE7C37-ECA6-4FB2-9677-9B12F8811EB5}.Release|x86.Build.0 = Release|Any CPU
		{7340C0C0-9454-4588-BED6-B80F8896C3C0}.Debug|Any CPU.ActiveCfg = Debug|Any CPU
		{7340C0C0-9454-4588-BED6-B80F8896C3C0}.Debug|Any CPU.Build.0 = Debug|Any CPU
		{7340C0C0-9454-4588-BED6-B80F8896C3C0}.Debug|x64.ActiveCfg = Debug|Any CPU
		{7340C0C0-9454-4588-BED6-B80F8896C3C0}.Debug|x64.Build.0 = Debug|Any CPU
		{7340C0C0-9454-4588-BED6-B80F8896C3C0}.Debug|x86.ActiveCfg = Debug|Any CPU
		{7340C0C0-9454-4588-BED6-B80F8896C3C0}.Debug|x86.Build.0 = Debug|Any CPU
		{7340C0C0-9454-4588-BED6-B80F8896C3C0}.Release|Any CPU.ActiveCfg = Release|Any CPU
		{7340C0C0-9454-4588-BED6-B80F8896C3C0}.Release|Any CPU.Build.0 = Release|Any CPU
		{7340C0C0-9454-4588-BED6-B80F8896C3C0}.Release|x64.ActiveCfg = Release|Any CPU
		{7340C0C0-9454-4588-BED6-B80F8896C3C0}.Release|x64.Build.0 = Release|Any CPU
		{7340C0C0-9454-4588-BED6-B80F8896C3C0}.Release|x86.ActiveCfg = Release|Any CPU
		{7340C0C0-9454-4588-BED6-B80F8896C3C0}.Release|x86.Build.0 = Release|Any CPU
		{D7701C9A-A532-4E95-80D2-E0197F0F969D}.Debug|Any CPU.ActiveCfg = Debug|Any CPU
		{D7701C9A-A532-4E95-80D2-E0197F0F969D}.Debug|Any CPU.Build.0 = Debug|Any CPU
		{D7701C9A-A532-4E95-80D2-E0197F0F969D}.Debug|x64.ActiveCfg = Debug|Any CPU
		{D7701C9A-A532-4E95-80D2-E0197F0F969D}.Debug|x64.Build.0 = Debug|Any CPU
		{D7701C9A-A532-4E95-80D2-E0197F0F969D}.Debug|x86.ActiveCfg = Debug|Any CPU
		{D7701C9A-A532-4E95-80D2-E0197F0F969D}.Debug|x86.Build.0 = Debug|Any CPU
		{D7701C9A-A532-4E95-80D2-E0197F0F969D}.Release|Any CPU.ActiveCfg = Release|Any CPU
		{D7701C9A-A532-4E95-80D2-E0197F0F969D}.Release|Any CPU.Build.0 = Release|Any CPU
		{D7701C9A-A532-4E95-80D2-E0197F0F969D}.Release|x64.ActiveCfg = Release|Any CPU
		{D7701C9A-A532-4E95-80D2-E0197F0F969D}.Release|x64.Build.0 = Release|Any CPU
		{D7701C9A-A532-4E95-80D2-E0197F0F969D}.Release|x86.ActiveCfg = Release|Any CPU
		{D7701C9A-A532-4E95-80D2-E0197F0F969D}.Release|x86.Build.0 = Release|Any CPU
	EndGlobalSection
	GlobalSection(SolutionProperties) = preSolution
		HideSolutionNode = FALSE
	EndGlobalSection
	GlobalSection(ExtensibilityGlobals) = postSolution
		SolutionGuid = {1BC8F9F3-0B3F-4C45-8821-198DE81FE338}
	EndGlobalSection
EndGlobal
